{
  "name": "superhero-project-redux",
  "version": "0.1.0",
  "lockfileVersion": 1,
  "requires": true,
  "dependencies": {
    "zustand": {
      "version": "3.7.1",
      "resolved": "https://registry.npmjs.org/zustand/-/zustand-3.7.1.tgz",
      "integrity": "sha512-wHBCZlKj+bg03/hP+Tzv24YhnqqP8MCeN9ECPDXoF01062SIbnfl3j9O0znkDw1lNTY0a8WN3F///a0UhhaEqg=="
    }
  }
}
